{
    "_readme": [
        "This file locks the dependencies of your project to a known state",
        "Read more about it at https://getcomposer.org/doc/01-basic-usage.md#installing-dependencies",
        "This file is @generated automatically"
    ],
    "content-hash": "c2ca46ca12c7dad2ab7b9b420662f214",
    "packages": [
        {
            "name": "psr/clock",
            "version": "1.0.0",
            "source": {
                "type": "git",
                "url": "https://github.com/php-fig/clock.git",
                "reference": "e41a24703d4560fd0acb709162f73b8adfc3aa0d"
            },
            "dist": {
                "type": "zip",
                "url": "https://api.github.com/repos/php-fig/clock/zipball/e41a24703d4560fd0acb709162f73b8adfc3aa0d",
                "reference": "e41a24703d4560fd0acb709162f73b8adfc3aa0d",
                "shasum": ""
            },
            "require": {
                "php": "^7.0 || ^8.0"
            },
            "type": "library",
            "autoload": {
                "psr-4": {
                    "Psr\\Clock\\": "src/"
                }
            },
            "notification-url": "https://packagist.org/downloads/",
            "license": [
                "MIT"
            ],
            "authors": [
                {
                    "name": "PHP-FIG",
                    "homepage": "https://www.php-fig.org/"
                }
            ],
            "description": "Common interface for reading the clock.",
            "homepage": "https://github.com/php-fig/clock",
            "keywords": [
                "clock",
                "now",
                "psr",
                "psr-20",
                "time"
            ],
            "support": {
                "issues": "https://github.com/php-fig/clock/issues",
                "source": "https://github.com/php-fig/clock/tree/1.0.0"
            },
            "time": "2022-11-25T14:36:26+00:00"
        },
        {
            "name": "psr/log",
            "version": "3.0.2",
            "source": {
                "type": "git",
                "url": "https://github.com/php-fig/log.git",
                "reference": "f16e1d5863e37f8d8c2a01719f5b34baa2b714d3"
            },
            "dist": {
                "type": "zip",
                "url": "https://api.github.com/repos/php-fig/log/zipball/f16e1d5863e37f8d8c2a01719f5b34baa2b714d3",
                "reference": "f16e1d5863e37f8d8c2a01719f5b34baa2b714d3",
                "shasum": ""
            },
            "require": {
                "php": ">=8.0.0"
            },
            "type": "library",
            "extra": {
                "branch-alias": {
                    "dev-master": "3.x-dev"
                }
            },
            "autoload": {
                "psr-4": {
                    "Psr\\Log\\": "src"
                }
            },
            "notification-url": "https://packagist.org/downloads/",
            "license": [
                "MIT"
            ],
            "authors": [
                {
                    "name": "PHP-FIG",
                    "homepage": "https://www.php-fig.org/"
                }
            ],
            "description": "Common interface for logging libraries",
            "homepage": "https://github.com/php-fig/log",
            "keywords": [
                "log",
                "psr",
                "psr-3"
            ],
            "support": {
                "source": "https://github.com/php-fig/log/tree/3.0.2"
            },
            "time": "2024-09-11T13:17:53+00:00"
        },
        {
            "name": "symfony/clock",
            "version": "v7.1.1",
            "source": {
                "type": "git",
                "url": "https://github.com/symfony/clock.git",
                "reference": "3dfc8b084853586de51dd1441c6242c76a28cbe7"
            },
            "dist": {
                "type": "zip",
                "url": "https://api.github.com/repos/symfony/clock/zipball/3dfc8b084853586de51dd1441c6242c76a28cbe7",
                "reference": "3dfc8b084853586de51dd1441c6242c76a28cbe7",
                "shasum": ""
            },
            "require": {
                "php": ">=8.2",
                "psr/clock": "^1.0",
                "symfony/polyfill-php83": "^1.28"
            },
            "provide": {
                "psr/clock-implementation": "1.0"
            },
            "type": "library",
            "autoload": {
                "files": [
                    "Resources/now.php"
                ],
                "psr-4": {
                    "Symfony\\Component\\Clock\\": ""
                },
                "exclude-from-classmap": [
                    "/Tests/"
                ]
            },
            "notification-url": "https://packagist.org/downloads/",
            "license": [
                "MIT"
            ],
            "authors": [
                {
                    "name": "Nicolas Grekas",
                    "email": "p@tchwork.com"
                },
                {
                    "name": "Symfony Community",
                    "homepage": "https://symfony.com/contributors"
                }
            ],
            "description": "Decouples applications from the system clock",
            "homepage": "https://symfony.com",
            "keywords": [
                "clock",
                "psr20",
                "time"
            ],
            "support": {
                "source": "https://github.com/symfony/clock/tree/v7.1.1"
            },
            "funding": [
                {
                    "url": "https://symfony.com/sponsor",
                    "type": "custom"
                },
                {
                    "url": "https://github.com/fabpot",
                    "type": "github"
                },
                {
                    "url": "https://tidelift.com/funding/github/packagist/symfony/symfony",
                    "type": "tidelift"
                }
            ],
            "time": "2024-05-31T14:57:53+00:00"
        },
        {
            "name": "symfony/messenger",
            "version": "v7.1.5",
            "source": {
                "type": "git",
                "url": "https://github.com/symfony/messenger.git",
                "reference": "e1c0ced845e3dac12ab428c5ed42dbe7a58ca576"
            },
            "dist": {
                "type": "zip",
                "url": "https://api.github.com/repos/symfony/messenger/zipball/e1c0ced845e3dac12ab428c5ed42dbe7a58ca576",
                "reference": "e1c0ced845e3dac12ab428c5ed42dbe7a58ca576",
                "shasum": ""
            },
            "require": {
                "php": ">=8.2",
                "psr/log": "^1|^2|^3",
                "symfony/clock": "^6.4|^7.0"
            },
            "conflict": {
                "symfony/console": "<6.4",
                "symfony/event-dispatcher": "<6.4",
                "symfony/event-dispatcher-contracts": "<2.5",
                "symfony/framework-bundle": "<6.4",
                "symfony/http-kernel": "<6.4",
                "symfony/serializer": "<6.4"
            },
            "require-dev": {
                "psr/cache": "^1.0|^2.0|^3.0",
                "symfony/console": "^6.4|^7.0",
                "symfony/dependency-injection": "^6.4|^7.0",
                "symfony/event-dispatcher": "^6.4|^7.0",
                "symfony/http-kernel": "^6.4|^7.0",
                "symfony/process": "^6.4|^7.0",
                "symfony/property-access": "^6.4|^7.0",
                "symfony/rate-limiter": "^6.4|^7.0",
                "symfony/routing": "^6.4|^7.0",
                "symfony/serializer": "^6.4|^7.0",
                "symfony/service-contracts": "^2.5|^3",
                "symfony/stopwatch": "^6.4|^7.0",
                "symfony/validator": "^6.4|^7.0"
            },
            "type": "library",
            "autoload": {
                "psr-4": {
                    "Symfony\\Component\\Messenger\\": ""
                },
                "exclude-from-classmap": [
                    "/Tests/"
                ]
            },
            "notification-url": "https://packagist.org/downloads/",
            "license": [
                "MIT"
            ],
            "authors": [
                {
                    "name": "Samuel Roze",
                    "email": "samuel.roze@gmail.com"
                },
                {
                    "name": "Symfony Community",
                    "homepage": "https://symfony.com/contributors"
                }
            ],
            "description": "Helps applications send and receive messages to/from other applications or via message queues",
            "homepage": "https://symfony.com",
            "support": {
                "source": "https://github.com/symfony/messenger/tree/v7.1.5"
            },
            "funding": [
                {
                    "url": "https://symfony.com/sponsor",
                    "type": "custom"
                },
                {
                    "url": "https://github.com/fabpot",
                    "type": "github"
                },
                {
                    "url": "https://tidelift.com/funding/github/packagist/symfony/symfony",
                    "type": "tidelift"
                }
            ],
            "time": "2024-09-08T12:32:26+00:00"
        },
        {
            "name": "symfony/polyfill-php83",
            "version": "v1.31.0",
            "source": {
                "type": "git",
                "url": "https://github.com/symfony/polyfill-php83.git",
                "reference": "2fb86d65e2d424369ad2905e83b236a8805ba491"
            },
            "dist": {
                "type": "zip",
                "url": "https://api.github.com/repos/symfony/polyfill-php83/zipball/2fb86d65e2d424369ad2905e83b236a8805ba491",
                "reference": "2fb86d65e2d424369ad2905e83b236a8805ba491",
                "shasum": ""
            },
            "require": {
                "php": ">=7.2"
            },
            "type": "library",
            "extra": {
                "thanks": {
                    "name": "symfony/polyfill",
                    "url": "https://github.com/symfony/polyfill"
                }
            },
            "autoload": {
                "files": [
                    "bootstrap.php"
                ],
                "psr-4": {
                    "Symfony\\Polyfill\\Php83\\": ""
                },
                "classmap": [
                    "Resources/stubs"
                ]
            },
            "notification-url": "https://packagist.org/downloads/",
            "license": [
                "MIT"
            ],
            "authors": [
                {
                    "name": "Nicolas Grekas",
                    "email": "p@tchwork.com"
                },
                {
                    "name": "Symfony Community",
                    "homepage": "https://symfony.com/contributors"
                }
            ],
            "description": "Symfony polyfill backporting some PHP 8.3+ features to lower PHP versions",
            "homepage": "https://symfony.com",
            "keywords": [
                "compatibility",
                "polyfill",
                "portable",
                "shim"
            ],
            "support": {
                "source": "https://github.com/symfony/polyfill-php83/tree/v1.31.0"
            },
            "funding": [
                {
                    "url": "https://symfony.com/sponsor",
                    "type": "custom"
                },
                {
                    "url": "https://github.com/fabpot",
                    "type": "github"
                },
                {
                    "url": "https://tidelift.com/funding/github/packagist/symfony/symfony",
                    "type": "tidelift"
                }
            ],
            "time": "2024-09-09T11:45:10+00:00"
        },
        {
            "name": "symfony/runtime",
            "version": "v7.1.1",
            "source": {
                "type": "git",
                "url": "https://github.com/symfony/runtime.git",
                "reference": "ea34522c447dd91a2b31cb330ee4540a56ba53f6"
            },
            "dist": {
                "type": "zip",
                "url": "https://api.github.com/repos/symfony/runtime/zipball/ea34522c447dd91a2b31cb330ee4540a56ba53f6",
                "reference": "ea34522c447dd91a2b31cb330ee4540a56ba53f6",
                "shasum": ""
            },
            "require": {
                "composer-plugin-api": "^1.0|^2.0",
                "php": ">=8.2"
            },
            "conflict": {
                "symfony/dotenv": "<6.4"
            },
            "require-dev": {
                "composer/composer": "^2.6",
                "symfony/console": "^6.4|^7.0",
                "symfony/dotenv": "^6.4|^7.0",
                "symfony/http-foundation": "^6.4|^7.0",
                "symfony/http-kernel": "^6.4|^7.0"
            },
            "type": "composer-plugin",
            "extra": {
                "class": "Symfony\\Component\\Runtime\\Internal\\ComposerPlugin"
            },
            "autoload": {
                "psr-4": {
                    "Symfony\\Component\\Runtime\\": "",
                    "Symfony\\Runtime\\Symfony\\Component\\": "Internal/"
                },
                "exclude-from-classmap": [
                    "/Tests/"
                ]
            },
            "notification-url": "https://packagist.org/downloads/",
            "license": [
                "MIT"
            ],
            "authors": [
                {
                    "name": "Nicolas Grekas",
                    "email": "p@tchwork.com"
                },
                {
                    "name": "Symfony Community",
                    "homepage": "https://symfony.com/contributors"
                }
            ],
            "description": "Enables decoupling PHP applications from global state",
            "homepage": "https://symfony.com",
            "keywords": [
                "runtime"
            ],
            "support": {
                "source": "https://github.com/symfony/runtime/tree/v7.1.1"
            },
            "funding": [
                {
                    "url": "https://symfony.com/sponsor",
                    "type": "custom"
                },
                {
                    "url": "https://github.com/fabpot",
                    "type": "github"
                },
                {
                    "url": "https://tidelift.com/funding/github/packagist/symfony/symfony",
                    "type": "tidelift"
                }
            ],
            "time": "2024-05-31T14:55:39+00:00"
        }
    ],
    "packages-dev": [],
    "aliases": [],
    "minimum-stability": "stable",
    "stability-flags": [],
    "prefer-stable": false,
    "prefer-lowest": false,
    "platform": [],
    "platform-dev": [],
    "plugin-api-version": "2.6.0"
}
